
Microsoft Visual Studio Solution File, Format Version 12.00
# Visual Studio Version 17
VisualStudioVersion = 17.4.33213.308
MinimumVisualStudioVersion = 10.0.40219.1
Project("{FAE04EC0-301F-11D3-BF4B-00C04F79EFBC}") = "ConversorLongitud", "ConversorLongitud\ConversorLongitud.csproj", "{7F6233B3-8F07-49C8-B3D4-43F9C1C77D3F}"
EndProject
Global
	GlobalSection(SolutionConfigurationPlatforms) = preSolution
		Debug|Any CPU = Debug|Any CPU
		Release|Any CPU = Release|Any CPU
	EndGlobalSection
	GlobalSection(ProjectConfigurationPlatforms) = postSolution
		{7F6233B3-8F07-49C8-B3D4-43F9C1C77D3F}.Debug|Any CPU.ActiveCfg = Debug|Any CPU
		{7F6233B3-8F07-49C8-B3D4-43F9C1C77D3F}.Debug|Any CPU.Build.0 = Debug|Any CPU
		{7F6233B3-8F07-49C8-B3D4-43F9C1C77D3F}.Release|Any CPU.ActiveCfg = Release|Any CPU
		{7F6233B3-8F07-49C8-B3D4-43F9C1C77D3F}.Release|Any CPU.Build.0 = Release|Any CPU
	EndGlobalSection
	GlobalSection(SolutionProperties) = preSolution
		HideSolutionNode = FALSE
	EndGlobalSection
	GlobalSection(ExtensibilityGlobals) = postSolution
		SolutionGuid = {BE9928F5-2EFD-42C0-913E-F47511364A21}
	EndGlobalSection
EndGlobal
